// !$*UTF8*$!
{
	archiveVersion = 1;
	classes = {
	};
	objectVersion = 46;
	objects = {

/* Begin PBXBuildFile section */
		0ACE7381F9172DAA6836DB48 /* Pods_Sharery.framework in Frameworks */ = {isa = PBXBuildFile; fileRef = 76A01473D5BC68AFA6CC18BE /* Pods_Sharery.framework */; };
		8000A7971E2CCE3A0000B340 /* MailAddressEditViewController.swift in Sources */ = {isa = PBXBuildFile; fileRef = 8000A7961E2CCE3A0000B340 /* MailAddressEditViewController.swift */; };
		8000A7991E2CCEA30000B340 /* PassWordEditViewController.swift in Sources */ = {isa = PBXBuildFile; fileRef = 8000A7981E2CCEA30000B340 /* PassWordEditViewController.swift */; };
		8000A79B1E2CCEB80000B340 /* UsernameEditViewController.swift in Sources */ = {isa = PBXBuildFile; fileRef = 8000A79A1E2CCEB80000B340 /* UsernameEditViewController.swift */; };
		8000A79D1E2CCED30000B340 /* ProfileEditViewController.swift in Sources */ = {isa = PBXBuildFile; fileRef = 8000A79C1E2CCED30000B340 /* ProfileEditViewController.swift */; };
		8000A79F1E2CCFC00000B340 /* CoreBluetooth.framework in Frameworks */ = {isa = PBXBuildFile; fileRef = 8000A79E1E2CCFC00000B340 /* CoreBluetooth.framework */; };
		8000A7A71E2D06E90000B340 /* AdobeCreativeSDKCore.framework in Frameworks */ = {isa = PBXBuildFile; fileRef = 8000A7A01E2D06AB0000B340 /* AdobeCreativeSDKCore.framework */; };
		8000A7A81E2D06E90000B340 /* AdobeCreativeSDKCore.framework in Embed Frameworks */ = {isa = PBXBuildFile; fileRef = 8000A7A01E2D06AB0000B340 /* AdobeCreativeSDKCore.framework */; settings = {ATTRIBUTES = (CodeSignOnCopy, RemoveHeadersOnCopy, ); }; };
		8000A7A91E2D07290000B340 /* AdobeCreativeSDKImage.framework in Frameworks */ = {isa = PBXBuildFile; fileRef = 8000A7A21E2D06C30000B340 /* AdobeCreativeSDKImage.framework */; };
		8000A7AA1E2D07290000B340 /* AdobeCreativeSDKImage.framework in Embed Frameworks */ = {isa = PBXBuildFile; fileRef = 8000A7A21E2D06C30000B340 /* AdobeCreativeSDKImage.framework */; settings = {ATTRIBUTES = (CodeSignOnCopy, RemoveHeadersOnCopy, ); }; };
		8000A7AC1E2D075D0000B340 /* libc++.tbd in Frameworks */ = {isa = PBXBuildFile; fileRef = 8000A7AB1E2D075D0000B340 /* libc++.tbd */; };
		8000A7AE1E2D07690000B340 /* libz.tbd in Frameworks */ = {isa = PBXBuildFile; fileRef = 8000A7AD1E2D07690000B340 /* libz.tbd */; };
		8000A7B01E2D07760000B340 /* libz.1.2.5.tbd in Frameworks */ = {isa = PBXBuildFile; fileRef = 8000A7AF1E2D07760000B340 /* libz.1.2.5.tbd */; };
		8000A7B21E2D07830000B340 /* libsqlite3.0.tbd in Frameworks */ = {isa = PBXBuildFile; fileRef = 8000A7B11E2D07830000B340 /* libsqlite3.0.tbd */; };
		8000A7B41E2D078D0000B340 /* MobileCoreServices.framework in Frameworks */ = {isa = PBXBuildFile; fileRef = 8000A7B31E2D078D0000B340 /* MobileCoreServices.framework */; };
		8000A7B61E2D07990000B340 /* SystemConfiguration.framework in Frameworks */ = {isa = PBXBuildFile; fileRef = 8000A7B51E2D07990000B340 /* SystemConfiguration.framework */; };
		8000A7B81E2D07A50000B340 /* Accelerate.framework in Frameworks */ = {isa = PBXBuildFile; fileRef = 8000A7B71E2D07A50000B340 /* Accelerate.framework */; };
		8000A7BA1E2D07B00000B340 /* CoreData.framework in Frameworks */ = {isa = PBXBuildFile; fileRef = 8000A7B91E2D07B00000B340 /* CoreData.framework */; };
		8000A7BC1E2D07BB0000B340 /* MessageUI.framework in Frameworks */ = {isa = PBXBuildFile; fileRef = 8000A7BB1E2D07BB0000B340 /* MessageUI.framework */; };
		8000A7BE1E2D07C50000B340 /* OpenGLES.framework in Frameworks */ = {isa = PBXBuildFile; fileRef = 8000A7BD1E2D07C50000B340 /* OpenGLES.framework */; };
		8000A7C01E2D07D00000B340 /* QuartzCore.framework in Frameworks */ = {isa = PBXBuildFile; fileRef = 8000A7BF1E2D07D00000B340 /* QuartzCore.framework */; };
		80205DDD1E265A16004AE317 /* AppDelegate.swift in Sources */ = {isa = PBXBuildFile; fileRef = 80205DDC1E265A16004AE317 /* AppDelegate.swift */; };
		80205DDF1E265A16004AE317 /* DiaryViewController.swift in Sources */ = {isa = PBXBuildFile; fileRef = 80205DDE1E265A16004AE317 /* DiaryViewController.swift */; };
		80205DE11E265A16004AE317 /* WriteDiaryViewController.swift in Sources */ = {isa = PBXBuildFile; fileRef = 80205DE01E265A16004AE317 /* WriteDiaryViewController.swift */; };
		80205DE41E265A16004AE317 /* Main.storyboard in Resources */ = {isa = PBXBuildFile; fileRef = 80205DE21E265A16004AE317 /* Main.storyboard */; };
		80205DE61E265A16004AE317 /* Assets.xcassets in Resources */ = {isa = PBXBuildFile; fileRef = 80205DE51E265A16004AE317 /* Assets.xcassets */; };
		80205DE91E265A16004AE317 /* LaunchScreen.storyboard in Resources */ = {isa = PBXBuildFile; fileRef = 80205DE71E265A16004AE317 /* LaunchScreen.storyboard */; };
		80205DF11E265ACE004AE317 /* SettingViewController.swift in Sources */ = {isa = PBXBuildFile; fileRef = 80205DF01E265ACE004AE317 /* SettingViewController.swift */; };
		80205DF31E266A7B004AE317 /* LoginViewController.swift in Sources */ = {isa = PBXBuildFile; fileRef = 80205DF21E266A7B004AE317 /* LoginViewController.swift */; };
		80205DF51E266A98004AE317 /* CreateAccountViewController.swift in Sources */ = {isa = PBXBuildFile; fileRef = 80205DF41E266A98004AE317 /* CreateAccountViewController.swift */; };
		80205DF71E267554004AE317 /* GoogleService-Info.plist in Resources */ = {isa = PBXBuildFile; fileRef = 80205DF61E267554004AE317 /* GoogleService-Info.plist */; };
		8094B6071E2DE0C900ABC0FE /* Const.swift in Sources */ = {isa = PBXBuildFile; fileRef = 8094B6061E2DE0C900ABC0FE /* Const.swift */; };
		8094B6091E2E610C00ABC0FE /* PostData.swift in Sources */ = {isa = PBXBuildFile; fileRef = 8094B6081E2E610C00ABC0FE /* PostData.swift */; };
		8094B60C1E2E620C00ABC0FE /* PostTableViewCell.swift in Sources */ = {isa = PBXBuildFile; fileRef = 8094B60A1E2E620C00ABC0FE /* PostTableViewCell.swift */; };
		8094B60D1E2E620C00ABC0FE /* PostTableViewCell.xib in Resources */ = {isa = PBXBuildFile; fileRef = 8094B60B1E2E620C00ABC0FE /* PostTableViewCell.xib */; };
		8094B60F1E2E6FFE00ABC0FE /* ProfileData.swift in Sources */ = {isa = PBXBuildFile; fileRef = 8094B60E1E2E6FFE00ABC0FE /* ProfileData.swift */; };
		8094B6111E2E985A00ABC0FE /* ShowDairyViewController.swift in Sources */ = {isa = PBXBuildFile; fileRef = 8094B6101E2E985A00ABC0FE /* ShowDairyViewController.swift */; };
		8094B6131E2E987A00ABC0FE /* UserAccountViewController.swift in Sources */ = {isa = PBXBuildFile; fileRef = 8094B6121E2E987A00ABC0FE /* UserAccountViewController.swift */; };
/* End PBXBuildFile section */

/* Begin PBXCopyFilesBuildPhase section */
		8000A7A61E2D06E50000B340 /* Embed Frameworks */ = {
			isa = PBXCopyFilesBuildPhase;
			buildActionMask = 2147483647;
			dstPath = "";
			dstSubfolderSpec = 10;
			files = (
				8000A7AA1E2D07290000B340 /* AdobeCreativeSDKImage.framework in Embed Frameworks */,
				8000A7A81E2D06E90000B340 /* AdobeCreativeSDKCore.framework in Embed Frameworks */,
			);
			name = "Embed Frameworks";
			runOnlyForDeploymentPostprocessing = 0;
		};
/* End PBXCopyFilesBuildPhase section */

/* Begin PBXFileReference section */
		40704934D8959015A0C697AF /* Pods-Sharery.release.xcconfig */ = {isa = PBXFileReference; includeInIndex = 1; lastKnownFileType = text.xcconfig; name = "Pods-Sharery.release.xcconfig"; path = "Pods/Target Support Files/Pods-Sharery/Pods-Sharery.release.xcconfig"; sourceTree = "<group>"; };
		76A01473D5BC68AFA6CC18BE /* Pods_Sharery.framework */ = {isa = PBXFileReference; explicitFileType = wrapper.framework; includeInIndex = 0; path = Pods_Sharery.framework; sourceTree = BUILT_PRODUCTS_DIR; };
		8000A7961E2CCE3A0000B340 /* MailAddressEditViewController.swift */ = {isa = PBXFileReference; fileEncoding = 4; lastKnownFileType = sourcecode.swift; path = MailAddressEditViewController.swift; sourceTree = "<group>"; };
		8000A7981E2CCEA30000B340 /* PassWordEditViewController.swift */ = {isa = PBXFileReference; fileEncoding = 4; lastKnownFileType = sourcecode.swift; path = PassWordEditViewController.swift; sourceTree = "<group>"; };
		8000A79A1E2CCEB80000B340 /* UsernameEditViewController.swift */ = {isa = PBXFileReference; fileEncoding = 4; lastKnownFileType = sourcecode.swift; path = UsernameEditViewController.swift; sourceTree = "<group>"; };
		8000A79C1E2CCED30000B340 /* ProfileEditViewController.swift */ = {isa = PBXFileReference; fileEncoding = 4; lastKnownFileType = sourcecode.swift; path = ProfileEditViewController.swift; sourceTree = "<group>"; };
		8000A79E1E2CCFC00000B340 /* CoreBluetooth.framework */ = {isa = PBXFileReference; lastKnownFileType = wrapper.framework; name = CoreBluetooth.framework; path = System/Library/Frameworks/CoreBluetooth.framework; sourceTree = SDKROOT; };
		8000A7A01E2D06AB0000B340 /* AdobeCreativeSDKCore.framework */ = {isa = PBXFileReference; lastKnownFileType = wrapper.framework; path = AdobeCreativeSDKCore.framework; sourceTree = "<group>"; };
		8000A7A21E2D06C30000B340 /* AdobeCreativeSDKImage.framework */ = {isa = PBXFileReference; lastKnownFileType = wrapper.framework; path = AdobeCreativeSDKImage.framework; sourceTree = "<group>"; };
		8000A7AB1E2D075D0000B340 /* libc++.tbd */ = {isa = PBXFileReference; lastKnownFileType = "sourcecode.text-based-dylib-definition"; name = "libc++.tbd"; path = "usr/lib/libc++.tbd"; sourceTree = SDKROOT; };
		8000A7AD1E2D07690000B340 /* libz.tbd */ = {isa = PBXFileReference; lastKnownFileType = "sourcecode.text-based-dylib-definition"; name = libz.tbd; path = usr/lib/libz.tbd; sourceTree = SDKROOT; };
		8000A7AF1E2D07760000B340 /* libz.1.2.5.tbd */ = {isa = PBXFileReference; lastKnownFileType = "sourcecode.text-based-dylib-definition"; name = libz.1.2.5.tbd; path = usr/lib/libz.1.2.5.tbd; sourceTree = SDKROOT; };
		8000A7B11E2D07830000B340 /* libsqlite3.0.tbd */ = {isa = PBXFileReference; lastKnownFileType = "sourcecode.text-based-dylib-definition"; name = libsqlite3.0.tbd; path = usr/lib/libsqlite3.0.tbd; sourceTree = SDKROOT; };
		8000A7B31E2D078D0000B340 /* MobileCoreServices.framework */ = {isa = PBXFileReference; lastKnownFileType = wrapper.framework; name = MobileCoreServices.framework; path = System/Library/Frameworks/MobileCoreServices.framework; sourceTree = SDKROOT; };
		8000A7B51E2D07990000B340 /* SystemConfiguration.framework */ = {isa = PBXFileReference; lastKnownFileType = wrapper.framework; name = SystemConfiguration.framework; path = System/Library/Frameworks/SystemConfiguration.framework; sourceTree = SDKROOT; };
		8000A7B71E2D07A50000B340 /* Accelerate.framework */ = {isa = PBXFileReference; lastKnownFileType = wrapper.framework; name = Accelerate.framework; path = System/Library/Frameworks/Accelerate.framework; sourceTree = SDKROOT; };
		8000A7B91E2D07B00000B340 /* CoreData.framework */ = {isa = PBXFileReference; lastKnownFileType = wrapper.framework; name = CoreData.framework; path = System/Library/Frameworks/CoreData.framework; sourceTree = SDKROOT; };
		8000A7BB1E2D07BB0000B340 /* MessageUI.framework */ = {isa = PBXFileReference; lastKnownFileType = wrapper.framework; name = MessageUI.framework; path = System/Library/Frameworks/MessageUI.framework; sourceTree = SDKROOT; };
		8000A7BD1E2D07C50000B340 /* OpenGLES.framework */ = {isa = PBXFileReference; lastKnownFileType = wrapper.framework; name = OpenGLES.framework; path = System/Library/Frameworks/OpenGLES.framework; sourceTree = SDKROOT; };
		8000A7BF1E2D07D00000B340 /* QuartzCore.framework */ = {isa = PBXFileReference; lastKnownFileType = wrapper.framework; name = QuartzCore.framework; path = System/Library/Frameworks/QuartzCore.framework; sourceTree = SDKROOT; };
		80205DD91E265A16004AE317 /* Sharery.app */ = {isa = PBXFileReference; explicitFileType = wrapper.application; includeInIndex = 0; path = Sharery.app; sourceTree = BUILT_PRODUCTS_DIR; };
		80205DDC1E265A16004AE317 /* AppDelegate.swift */ = {isa = PBXFileReference; lastKnownFileType = sourcecode.swift; path = AppDelegate.swift; sourceTree = "<group>"; };
		80205DDE1E265A16004AE317 /* DiaryViewController.swift */ = {isa = PBXFileReference; lastKnownFileType = sourcecode.swift; path = DiaryViewController.swift; sourceTree = "<group>"; };
		80205DE01E265A16004AE317 /* WriteDiaryViewController.swift */ = {isa = PBXFileReference; lastKnownFileType = sourcecode.swift; path = WriteDiaryViewController.swift; sourceTree = "<group>"; };
		80205DE31E265A16004AE317 /* Base */ = {isa = PBXFileReference; lastKnownFileType = file.storyboard; name = Base; path = Base.lproj/Main.storyboard; sourceTree = "<group>"; };
		80205DE51E265A16004AE317 /* Assets.xcassets */ = {isa = PBXFileReference; lastKnownFileType = folder.assetcatalog; path = Assets.xcassets; sourceTree = "<group>"; };
		80205DE81E265A16004AE317 /* Base */ = {isa = PBXFileReference; lastKnownFileType = file.storyboard; name = Base; path = Base.lproj/LaunchScreen.storyboard; sourceTree = "<group>"; };
		80205DEA1E265A16004AE317 /* Info.plist */ = {isa = PBXFileReference; lastKnownFileType = text.plist.xml; path = Info.plist; sourceTree = "<group>"; };
		80205DF01E265ACE004AE317 /* SettingViewController.swift */ = {isa = PBXFileReference; fileEncoding = 4; lastKnownFileType = sourcecode.swift; path = SettingViewController.swift; sourceTree = "<group>"; };
		80205DF21E266A7B004AE317 /* LoginViewController.swift */ = {isa = PBXFileReference; fileEncoding = 4; lastKnownFileType = sourcecode.swift; path = LoginViewController.swift; sourceTree = "<group>"; };
		80205DF41E266A98004AE317 /* CreateAccountViewController.swift */ = {isa = PBXFileReference; fileEncoding = 4; lastKnownFileType = sourcecode.swift; path = CreateAccountViewController.swift; sourceTree = "<group>"; };
		80205DF61E267554004AE317 /* GoogleService-Info.plist */ = {isa = PBXFileReference; fileEncoding = 4; lastKnownFileType = text.plist.xml; path = "GoogleService-Info.plist"; sourceTree = "<group>"; };
		8094B6051E2D0B2800ABC0FE /* Sharery-Bridging-Header.h */ = {isa = PBXFileReference; lastKnownFileType = sourcecode.c.h; path = "Sharery-Bridging-Header.h"; sourceTree = "<group>"; };
		8094B6061E2DE0C900ABC0FE /* Const.swift */ = {isa = PBXFileReference; fileEncoding = 4; lastKnownFileType = sourcecode.swift; path = Const.swift; sourceTree = "<group>"; };
		8094B6081E2E610C00ABC0FE /* PostData.swift */ = {isa = PBXFileReference; fileEncoding = 4; lastKnownFileType = sourcecode.swift; path = PostData.swift; sourceTree = "<group>"; };
		8094B60A1E2E620C00ABC0FE /* PostTableViewCell.swift */ = {isa = PBXFileReference; fileEncoding = 4; lastKnownFileType = sourcecode.swift; path = PostTableViewCell.swift; sourceTree = "<group>"; };
		8094B60B1E2E620C00ABC0FE /* PostTableViewCell.xib */ = {isa = PBXFileReference; fileEncoding = 4; lastKnownFileType = file.xib; path = PostTableViewCell.xib; sourceTree = "<group>"; };
		8094B60E1E2E6FFE00ABC0FE /* ProfileData.swift */ = {isa = PBXFileReference; fileEncoding = 4; lastKnownFileType = sourcecode.swift; path = ProfileData.swift; sourceTree = "<group>"; };
		8094B6101E2E985A00ABC0FE /* ShowDairyViewController.swift */ = {isa = PBXFileReference; fileEncoding = 4; lastKnownFileType = sourcecode.swift; path = ShowDairyViewController.swift; sourceTree = "<group>"; };
		8094B6121E2E987A00ABC0FE /* UserAccountViewController.swift */ = {isa = PBXFileReference; fileEncoding = 4; lastKnownFileType = sourcecode.swift; path = UserAccountViewController.swift; sourceTree = "<group>"; };
		90C58E7DC861D53208AA475E /* Pods-Sharery.debug.xcconfig */ = {isa = PBXFileReference; includeInIndex = 1; lastKnownFileType = text.xcconfig; name = "Pods-Sharery.debug.xcconfig"; path = "Pods/Target Support Files/Pods-Sharery/Pods-Sharery.debug.xcconfig"; sourceTree = "<group>"; };
/* End PBXFileReference section */

/* Begin PBXFrameworksBuildPhase section */
		80205DD61E265A16004AE317 /* Frameworks */ = {
			isa = PBXFrameworksBuildPhase;
			buildActionMask = 2147483647;
			files = (
				8000A7C01E2D07D00000B340 /* QuartzCore.framework in Frameworks */,
				8000A7BE1E2D07C50000B340 /* OpenGLES.framework in Frameworks */,
				8000A7BC1E2D07BB0000B340 /* MessageUI.framework in Frameworks */,
				8000A7BA1E2D07B00000B340 /* CoreData.framework in Frameworks */,
				8000A7B81E2D07A50000B340 /* Accelerate.framework in Frameworks */,
				8000A7B61E2D07990000B340 /* SystemConfiguration.framework in Frameworks */,
				8000A7B41E2D078D0000B340 /* MobileCoreServices.framework in Frameworks */,
				8000A7B21E2D07830000B340 /* libsqlite3.0.tbd in Frameworks */,
				8000A7B01E2D07760000B340 /* libz.1.2.5.tbd in Frameworks */,
				8000A7AE1E2D07690000B340 /* libz.tbd in Frameworks */,
				8000A7AC1E2D075D0000B340 /* libc++.tbd in Frameworks */,
				8000A79F1E2CCFC00000B340 /* CoreBluetooth.framework in Frameworks */,
				8000A7A71E2D06E90000B340 /* AdobeCreativeSDKCore.framework in Frameworks */,
				8000A7A91E2D07290000B340 /* AdobeCreativeSDKImage.framework in Frameworks */,
				0ACE7381F9172DAA6836DB48 /* Pods_Sharery.framework in Frameworks */,
			);
			runOnlyForDeploymentPostprocessing = 0;
		};
/* End PBXFrameworksBuildPhase section */

/* Begin PBXGroup section */
		1BAEA880807362AB1F3D025C /* Pods */ = {
			isa = PBXGroup;
			children = (
				90C58E7DC861D53208AA475E /* Pods-Sharery.debug.xcconfig */,
				40704934D8959015A0C697AF /* Pods-Sharery.release.xcconfig */,
			);
			name = Pods;
			sourceTree = "<group>";
		};
		75512886600BAF6C55708080 /* Frameworks */ = {
			isa = PBXGroup;
			children = (
				8000A7BF1E2D07D00000B340 /* QuartzCore.framework */,
				8000A7BD1E2D07C50000B340 /* OpenGLES.framework */,
				8000A7BB1E2D07BB0000B340 /* MessageUI.framework */,
				8000A7B91E2D07B00000B340 /* CoreData.framework */,
				8000A7B71E2D07A50000B340 /* Accelerate.framework */,
				8000A7B51E2D07990000B340 /* SystemConfiguration.framework */,
				8000A7B31E2D078D0000B340 /* MobileCoreServices.framework */,
				8000A7B11E2D07830000B340 /* libsqlite3.0.tbd */,
				8000A7AF1E2D07760000B340 /* libz.1.2.5.tbd */,
				8000A7AD1E2D07690000B340 /* libz.tbd */,
				8000A7AB1E2D075D0000B340 /* libc++.tbd */,
				8000A79E1E2CCFC00000B340 /* CoreBluetooth.framework */,
				76A01473D5BC68AFA6CC18BE /* Pods_Sharery.framework */,
			);
			name = Frameworks;
			sourceTree = "<group>";
		};
		80205DD01E265A16004AE317 = {
			isa = PBXGroup;
			children = (
				80205DDB1E265A16004AE317 /* Sharery */,
				80205DDA1E265A16004AE317 /* Products */,
				1BAEA880807362AB1F3D025C /* Pods */,
				75512886600BAF6C55708080 /* Frameworks */,
			);
			sourceTree = "<group>";
		};
		80205DDA1E265A16004AE317 /* Products */ = {
			isa = PBXGroup;
			children = (
				80205DD91E265A16004AE317 /* Sharery.app */,
			);
			name = Products;
			sourceTree = "<group>";
		};
		80205DDB1E265A16004AE317 /* Sharery */ = {
			isa = PBXGroup;
			children = (
				8094B6051E2D0B2800ABC0FE /* Sharery-Bridging-Header.h */,
				80205DDC1E265A16004AE317 /* AppDelegate.swift */,
				80205DDE1E265A16004AE317 /* DiaryViewController.swift */,
				80205DE01E265A16004AE317 /* WriteDiaryViewController.swift */,
				8094B6061E2DE0C900ABC0FE /* Const.swift */,
				80205DE21E265A16004AE317 /* Main.storyboard */,
				8094B6101E2E985A00ABC0FE /* ShowDairyViewController.swift */,
				8094B6121E2E987A00ABC0FE /* UserAccountViewController.swift */,
				8094B6081E2E610C00ABC0FE /* PostData.swift */,
				8094B60E1E2E6FFE00ABC0FE /* ProfileData.swift */,
				8094B60A1E2E620C00ABC0FE /* PostTableViewCell.swift */,
				8094B60B1E2E620C00ABC0FE /* PostTableViewCell.xib */,
				8000A7981E2CCEA30000B340 /* PassWordEditViewController.swift */,
				8000A79A1E2CCEB80000B340 /* UsernameEditViewController.swift */,
				8000A79C1E2CCED30000B340 /* ProfileEditViewController.swift */,
				8000A7961E2CCE3A0000B340 /* MailAddressEditViewController.swift */,
				80205DF21E266A7B004AE317 /* LoginViewController.swift */,
				80205DF41E266A98004AE317 /* CreateAccountViewController.swift */,
				80205DF01E265ACE004AE317 /* SettingViewController.swift */,
				80205DE51E265A16004AE317 /* Assets.xcassets */,
				80205DF61E267554004AE317 /* GoogleService-Info.plist */,
				80205DE71E265A16004AE317 /* LaunchScreen.storyboard */,
				80205DEA1E265A16004AE317 /* Info.plist */,
				8000A7A21E2D06C30000B340 /* AdobeCreativeSDKImage.framework */,
				8000A7A01E2D06AB0000B340 /* AdobeCreativeSDKCore.framework */,
			);
			path = Sharery;
			sourceTree = "<group>";
		};
/* End PBXGroup section */

/* Begin PBXNativeTarget section */
		80205DD81E265A16004AE317 /* Sharery */ = {
			isa = PBXNativeTarget;
			buildConfigurationList = 80205DED1E265A16004AE317 /* Build configuration list for PBXNativeTarget "Sharery" */;
			buildPhases = (
				6478EA5505E6DB0FAE813144 /* [CP] Check Pods Manifest.lock */,
				80205DD51E265A16004AE317 /* Sources */,
				80205DD61E265A16004AE317 /* Frameworks */,
				80205DD71E265A16004AE317 /* Resources */,
				BCC665771446E198561CA722 /* [CP] Embed Pods Frameworks */,
				59FAF2CD3D8017C9F4B70B08 /* [CP] Copy Pods Resources */,
				8000A7A61E2D06E50000B340 /* Embed Frameworks */,
				8000A7C11E2D07DE0000B340 /* ShellScript */,
			);
			buildRules = (
			);
			dependencies = (
			);
			name = Sharery;
			productName = Sharery;
			productReference = 80205DD91E265A16004AE317 /* Sharery.app */;
			productType = "com.apple.product-type.application";
		};
/* End PBXNativeTarget section */

/* Begin PBXProject section */
		80205DD11E265A16004AE317 /* Project object */ = {
			isa = PBXProject;
			attributes = {
				LastSwiftUpdateCheck = 0820;
				LastUpgradeCheck = 0820;
				ORGANIZATIONNAME = erina.umino;
				TargetAttributes = {
					80205DD81E265A16004AE317 = {
						CreatedOnToolsVersion = 8.2.1;
						ProvisioningStyle = Automatic;
					};
				};
			};
			buildConfigurationList = 80205DD41E265A16004AE317 /* Build configuration list for PBXProject "Sharery" */;
			compatibilityVersion = "Xcode 3.2";
			developmentRegion = English;
			hasScannedForEncodings = 0;
			knownRegions = (
				en,
				Base,
			);
			mainGroup = 80205DD01E265A16004AE317;
			productRefGroup = 80205DDA1E265A16004AE317 /* Products */;
			projectDirPath = "";
			projectRoot = "";
			targets = (
				80205DD81E265A16004AE317 /* Sharery */,
			);
		};
/* End PBXProject section */

/* Begin PBXResourcesBuildPhase section */
		80205DD71E265A16004AE317 /* Resources */ = {
			isa = PBXResourcesBuildPhase;
			buildActionMask = 2147483647;
			files = (
				80205DE91E265A16004AE317 /* LaunchScreen.storyboard in Resources */,
				8094B60D1E2E620C00ABC0FE /* PostTableViewCell.xib in Resources */,
				80205DF71E267554004AE317 /* GoogleService-Info.plist in Resources */,
				80205DE61E265A16004AE317 /* Assets.xcassets in Resources */,
				80205DE41E265A16004AE317 /* Main.storyboard in Resources */,
			);
			runOnlyForDeploymentPostprocessing = 0;
		};
/* End PBXResourcesBuildPhase section */

/* Begin PBXShellScriptBuildPhase section */
		59FAF2CD3D8017C9F4B70B08 /* [CP] Copy Pods Resources */ = {
			isa = PBXShellScriptBuildPhase;
			buildActionMask = 2147483647;
			files = (
			);
			inputPaths = (
			);
			name = "[CP] Copy Pods Resources";
			outputPaths = (
			);
			runOnlyForDeploymentPostprocessing = 0;
			shellPath = /bin/sh;
			shellScript = "\"${SRCROOT}/Pods/Target Support Files/Pods-Sharery/Pods-Sharery-resources.sh\"\n";
			showEnvVarsInLog = 0;
		};
		6478EA5505E6DB0FAE813144 /* [CP] Check Pods Manifest.lock */ = {
			isa = PBXShellScriptBuildPhase;
			buildActionMask = 2147483647;
			files = (
			);
			inputPaths = (
			);
			name = "[CP] Check Pods Manifest.lock";
			outputPaths = (
			);
			runOnlyForDeploymentPostprocessing = 0;
			shellPath = /bin/sh;
			shellScript = "diff \"${PODS_ROOT}/../Podfile.lock\" \"${PODS_ROOT}/Manifest.lock\" > /dev/null\nif [ $? != 0 ] ; then\n    # print error to STDERR\n    echo \"error: The sandbox is not in sync with the Podfile.lock. Run 'pod install' or update your CocoaPods installation.\" >&2\n    exit 1\nfi\n";
			showEnvVarsInLog = 0;
		};
		8000A7C11E2D07DE0000B340 /* ShellScript */ = {
			isa = PBXShellScriptBuildPhase;
			buildActionMask = 2147483647;
			files = (
			);
			inputPaths = (
			);
			outputPaths = (
			);
			runOnlyForDeploymentPostprocessing = 0;
			shellPath = /bin/sh;
			shellScript = "bash \"${BUILT_PRODUCTS_DIR}/${FRAMEWORKS_FOLDER_PATH}/AdobeCreativeSDKCore.framework/strip-frameworks.sh\"";
		};
		BCC665771446E198561CA722 /* [CP] Embed Pods Frameworks */ = {
			isa = PBXShellScriptBuildPhase;
			buildActionMask = 2147483647;
			files = (
			);
			inputPaths = (
			);
			name = "[CP] Embed Pods Frameworks";
			outputPaths = (
			);
			runOnlyForDeploymentPostprocessing = 0;
			shellPath = /bin/sh;
			shellScript = "\"${SRCROOT}/Pods/Target Support Files/Pods-Sharery/Pods-Sharery-frameworks.sh\"\n";
			showEnvVarsInLog = 0;
		};
/* End PBXShellScriptBuildPhase section */

/* Begin PBXSourcesBuildPhase section */
		80205DD51E265A16004AE317 /* Sources */ = {
			isa = PBXSourcesBuildPhase;
			buildActionMask = 2147483647;
			files = (
				80205DF51E266A98004AE317 /* CreateAccountViewController.swift in Sources */,
				8094B6091E2E610C00ABC0FE /* PostData.swift in Sources */,
				8094B60C1E2E620C00ABC0FE /* PostTableViewCell.swift in Sources */,
				80205DE11E265A16004AE317 /* WriteDiaryViewController.swift in Sources */,
				80205DDD1E265A16004AE317 /* AppDelegate.swift in Sources */,
				8094B6131E2E987A00ABC0FE /* UserAccountViewController.swift in Sources */,
				80205DDF1E265A16004AE317 /* DiaryViewController.swift in Sources */,
				80205DF31E266A7B004AE317 /* LoginViewController.swift in Sources */,
				80205DF11E265ACE004AE317 /* SettingViewController.swift in Sources */,
				8000A79D1E2CCED30000B340 /* ProfileEditViewController.swift in Sources */,
				8094B60F1E2E6FFE00ABC0FE /* ProfileData.swift in Sources */,
				8000A7991E2CCEA30000B340 /* PassWordEditViewController.swift in Sources */,
				8094B6111E2E985A00ABC0FE /* ShowDairyViewController.swift in Sources */,
				8000A79B1E2CCEB80000B340 /* UsernameEditViewController.swift in Sources */,
				8000A7971E2CCE3A0000B340 /* MailAddressEditViewController.swift in Sources */,
				8094B6071E2DE0C900ABC0FE /* Const.swift in Sources */,
			);
			runOnlyForDeploymentPostprocessing = 0;
		};
/* End PBXSourcesBuildPhase section */

/* Begin PBXVariantGroup section */
		80205DE21E265A16004AE317 /* Main.storyboard */ = {
			isa = PBXVariantGroup;
			children = (
				80205DE31E265A16004AE317 /* Base */,
			);
			name = Main.storyboard;
			sourceTree = "<group>";
		};
		80205DE71E265A16004AE317 /* LaunchScreen.storyboard */ = {
			isa = PBXVariantGroup;
			children = (
				80205DE81E265A16004AE317 /* Base */,
			);
			name = LaunchScreen.storyboard;
			sourceTree = "<group>";
		};
/* End PBXVariantGroup section */

/* Begin XCBuildConfiguration section */
		80205DEB1E265A16004AE317 /* Debug */ = {
			isa = XCBuildConfiguration;
			buildSettings = {
				ALWAYS_SEARCH_USER_PATHS = NO;
				CLANG_ANALYZER_NONNULL = YES;
				CLANG_CXX_LANGUAGE_STANDARD = "gnu++0x";
				CLANG_CXX_LIBRARY = "libc++";
				CLANG_ENABLE_MODULES = YES;
				CLANG_ENABLE_OBJC_ARC = YES;
				CLANG_WARN_BOOL_CONVERSION = YES;
				CLANG_WARN_CONSTANT_CONVERSION = YES;
				CLANG_WARN_DIRECT_OBJC_ISA_USAGE = YES_ERROR;
				CLANG_WARN_DOCUMENTATION_COMMENTS = YES;
				CLANG_WARN_EMPTY_BODY = YES;
				CLANG_WARN_ENUM_CONVERSION = YES;
				CLANG_WARN_INFINITE_RECURSION = YES;
				CLANG_WARN_INT_CONVERSION = YES;
				CLANG_WARN_OBJC_ROOT_CLASS = YES_ERROR;
				CLANG_WARN_SUSPICIOUS_MOVE = YES;
				CLANG_WARN_UNREACHABLE_CODE = YES;
				CLANG_WARN__DUPLICATE_METHOD_MATCH = YES;
				"CODE_SIGN_IDENTITY[sdk=iphoneos*]" = "iPhone Developer";
				COPY_PHASE_STRIP = NO;
				DEBUG_INFORMATION_FORMAT = dwarf;
				ENABLE_STRICT_OBJC_MSGSEND = YES;
				ENABLE_TESTABILITY = YES;
				GCC_C_LANGUAGE_STANDARD = gnu99;
				GCC_DYNAMIC_NO_PIC = NO;
				GCC_NO_COMMON_BLOCKS = YES;
				GCC_OPTIMIZATION_LEVEL = 0;
				GCC_PREPROCESSOR_DEFINITIONS = (
					"DEBUG=1",
					"$(inherited)",
				);
				GCC_WARN_64_TO_32_BIT_CONVERSION = YES;
				GCC_WARN_ABOUT_RETURN_TYPE = YES_ERROR;
				GCC_WARN_UNDECLARED_SELECTOR = YES;
				GCC_WARN_UNINITIALIZED_AUTOS = YES_AGGRESSIVE;
				GCC_WARN_UNUSED_FUNCTION = YES;
				GCC_WARN_UNUSED_VARIABLE = YES;
				IPHONEOS_DEPLOYMENT_TARGET = 10.2;
				MTL_ENABLE_DEBUG_INFO = YES;
				ONLY_ACTIVE_ARCH = YES;
				SDKROOT = iphoneos;
				SWIFT_ACTIVE_COMPILATION_CONDITIONS = DEBUG;
				SWIFT_OPTIMIZATION_LEVEL = "-Onone";
			};
			name = Debug;
		};
		80205DEC1E265A16004AE317 /* Release */ = {
			isa = XCBuildConfiguration;
			buildSettings = {
				ALWAYS_SEARCH_USER_PATHS = NO;
				CLANG_ANALYZER_NONNULL = YES;
				CLANG_CXX_LANGUAGE_STANDARD = "gnu++0x";
				CLANG_CXX_LIBRARY = "libc++";
				CLANG_ENABLE_MODULES = YES;
				CLANG_ENABLE_OBJC_ARC = YES;
				CLANG_WARN_BOOL_CONVERSION = YES;
				CLANG_WARN_CONSTANT_CONVERSION = YES;
				CLANG_WARN_DIRECT_OBJC_ISA_USAGE = YES_ERROR;
				CLANG_WARN_DOCUMENTATION_COMMENTS = YES;
				CLANG_WARN_EMPTY_BODY = YES;
				CLANG_WARN_ENUM_CONVERSION = YES;
				CLANG_WARN_INFINITE_RECURSION = YES;
				CLANG_WARN_INT_CONVERSION = YES;
				CLANG_WARN_OBJC_ROOT_CLASS = YES_ERROR;
				CLANG_WARN_SUSPICIOUS_MOVE = YES;
				CLANG_WARN_UNREACHABLE_CODE = YES;
				CLANG_WARN__DUPLICATE_METHOD_MATCH = YES;
				"CODE_SIGN_IDENTITY[sdk=iphoneos*]" = "iPhone Developer";
				COPY_PHASE_STRIP = NO;
				DEBUG_INFORMATION_FORMAT = "dwarf-with-dsym";
				ENABLE_NS_ASSERTIONS = NO;
				ENABLE_STRICT_OBJC_MSGSEND = YES;
				GCC_C_LANGUAGE_STANDARD = gnu99;
				GCC_NO_COMMON_BLOCKS = YES;
				GCC_WARN_64_TO_32_BIT_CONVERSION = YES;
				GCC_WARN_ABOUT_RETURN_TYPE = YES_ERROR;
				GCC_WARN_UNDECLARED_SELECTOR = YES;
				GCC_WARN_UNINITIALIZED_AUTOS = YES_AGGRESSIVE;
				GCC_WARN_UNUSED_FUNCTION = YES;
				GCC_WARN_UNUSED_VARIABLE = YES;
				IPHONEOS_DEPLOYMENT_TARGET = 10.2;
				MTL_ENABLE_DEBUG_INFO = NO;
				SDKROOT = iphoneos;
				SWIFT_OPTIMIZATION_LEVEL = "-Owholemodule";
				VALIDATE_PRODUCT = YES;
			};
			name = Release;
		};
		80205DEE1E265A16004AE317 /* Debug */ = {
			isa = XCBuildConfiguration;
			baseConfigurationReference = 90C58E7DC861D53208AA475E /* Pods-Sharery.debug.xcconfig */;
			buildSettings = {
				ASSETCATALOG_COMPILER_APPICON_NAME = AppIcon;
				FRAMEWORK_SEARCH_PATHS = (
					"$(inherited)",
					"$(PROJECT_DIR)/Sharery",
				);
				INFOPLIST_FILE = Sharery/Info.plist;
				LD_RUNPATH_SEARCH_PATHS = "$(inherited) @executable_path/Frameworks";
				PRODUCT_BUNDLE_IDENTIFIER = jp.techacademy.erina.umino.Sharery;
				PRODUCT_NAME = "$(TARGET_NAME)";
				SWIFT_OBJC_BRIDGING_HEADER = "Sharery/Sharery-Bridging-Header.h";
				SWIFT_VERSION = 3.0;
			};
			name = Debug;
		};
		80205DEF1E265A16004AE317 /* Release */ = {
			isa = XCBuildConfiguration;
			baseConfigurationReference = 40704934D8959015A0C697AF /* Pods-Sharery.release.xcconfig */;
			buildSettings = {
				ASSETCATALOG_COMPILER_APPICON_NAME = AppIcon;
				FRAMEWORK_SEARCH_PATHS = (
					"$(inherited)",
					"$(PROJECT_DIR)/Sharery",
				);
				INFOPLIST_FILE = Sharery/Info.plist;
				LD_RUNPATH_SEARCH_PATHS = "$(inherited) @executable_path/Frameworks";
				PRODUCT_BUNDLE_IDENTIFIER = jp.techacademy.erina.umino.Sharery;
				PRODUCT_NAME = "$(TARGET_NAME)";
				SWIFT_OBJC_BRIDGING_HEADER = "Sharery/Sharery-Bridging-Header.h";
				SWIFT_VERSION = 3.0;
			};
			name = Release;
		};
/* End XCBuildConfiguration section */

/* Begin XCConfigurationList section */
		80205DD41E265A16004AE317 /* Build configuration list for PBXProject "Sharery" */ = {
			isa = XCConfigurationList;
			buildConfigurations = (
				80205DEB1E265A16004AE317 /* Debug */,
				80205DEC1E265A16004AE317 /* Release */,
			);
			defaultConfigurationIsVisible = 0;
			defaultConfigurationName = Release;
		};
		80205DED1E265A16004AE317 /* Build configuration list for PBXNativeTarget "Sharery" */ = {
			isa = XCConfigurationList;
			buildConfigurations = (
				80205DEE1E265A16004AE317 /* Debug */,
				80205DEF1E265A16004AE317 /* Release */,
			);
			defaultConfigurationIsVisible = 0;
			defaultConfigurationName = Release;
		};
/* End XCConfigurationList section */
	};
	rootObject = 80205DD11E265A16004AE317 /* Project object */;
}
